
Microsoft Visual Studio Solution File, Format Version 12.00
# Visual Studio Version 17
VisualStudioVersion = 17.11.35005.142
MinimumVisualStudioVersion = 10.0.40219.1
Project("{FAE04EC0-301F-11D3-BF4B-00C04F79EFBC}") = "Datos", "Datos\Datos.csproj", "{20752169-BF79-4377-A9C7-AB3964D2C459}"
EndProject
Project("{FAE04EC0-301F-11D3-BF4B-00C04F79EFBC}") = "Negocio", "Negocio\Negocio.csproj", "{50AAE313-E090-4A04-9DDA-EE4717603410}"
EndProject
Project("{FAE04EC0-301F-11D3-BF4B-00C04F79EFBC}") = "Web", "Web\Web.csproj", "{AACC4BDB-6DFF-472A-B2FF-8337CC09A843}"
EndProject
Global
	GlobalSection(SolutionConfigurationPlatforms) = preSolution
		Debug|Any CPU = Debug|Any CPU
		Release|Any CPU = Release|Any CPU
	EndGlobalSection
	GlobalSection(ProjectConfigurationPlatforms) = postSolution
		{20752169-BF79-4377-A9C7-AB3964D2C459}.Debug|Any CPU.ActiveCfg = Debug|Any CPU
		{20752169-BF79-4377-A9C7-AB3964D2C459}.Debug|Any CPU.Build.0 = Debug|Any CPU
		{20752169-BF79-4377-A9C7-AB3964D2C459}.Release|Any CPU.ActiveCfg = Release|Any CPU
		{20752169-BF79-4377-A9C7-AB3964D2C459}.Release|Any CPU.Build.0 = Release|Any CPU
		{50AAE313-E090-4A04-9DDA-EE4717603410}.Debug|Any CPU.ActiveCfg = Debug|Any CPU
		{50AAE313-E090-4A04-9DDA-EE4717603410}.Debug|Any CPU.Build.0 = Debug|Any CPU
		{50AAE313-E090-4A04-9DDA-EE4717603410}.Release|Any CPU.ActiveCfg = Release|Any CPU
		{50AAE313-E090-4A04-9DDA-EE4717603410}.Release|Any CPU.Build.0 = Release|Any CPU
		{AACC4BDB-6DFF-472A-B2FF-8337CC09A843}.Debug|Any CPU.ActiveCfg = Debug|Any CPU
		{AACC4BDB-6DFF-472A-B2FF-8337CC09A843}.Debug|Any CPU.Build.0 = Debug|Any CPU
		{AACC4BDB-6DFF-472A-B2FF-8337CC09A843}.Release|Any CPU.ActiveCfg = Release|Any CPU
		{AACC4BDB-6DFF-472A-B2FF-8337CC09A843}.Release|Any CPU.Build.0 = Release|Any CPU
	EndGlobalSection
	GlobalSection(SolutionProperties) = preSolution
		HideSolutionNode = FALSE
	EndGlobalSection
	GlobalSection(ExtensibilityGlobals) = postSolution
		SolutionGuid = {125DA2C9-BDFE-42B9-860B-31CC7B880700}
	EndGlobalSection
EndGlobal
